{
  "name": "shopify-buy-easy-query",
  "version": "1.0.0",
  "lockfileVersion": 2,
  "requires": true,
  "packages": {
    "": {
      "name": "shopify-buy-easy-query",
      "version": "1.0.0",
      "license": "ISC",
      "dependencies": {
        "shopify-buy": "^2.15.1"
      }
    },
    "node_modules/shopify-buy": {
      "version": "2.15.1",
      "resolved": "https://registry.npmjs.org/shopify-buy/-/shopify-buy-2.15.1.tgz",
      "integrity": "sha512-ijtQXSTlzNWJ4xEYucfvJZ80PYYEKub+sVcXr77krDagv0NM9SHzkUVk37tMDJIwzh5KM+LOmed6ZN5V1cFyBg=="
    }
  },
  "dependencies": {
    "shopify-buy": {
      "version": "2.15.1",
      "resolved": "https://registry.npmjs.org/shopify-buy/-/shopify-buy-2.15.1.tgz",
      "integrity": "sha512-ijtQXSTlzNWJ4xEYucfvJZ80PYYEKub+sVcXr77krDagv0NM9SHzkUVk37tMDJIwzh5KM+LOmed6ZN5V1cFyBg=="
    }
  }
}
